// !$*UTF8*$!
{
	archiveVersion = 1;
	classes = {
	};
	objectVersion = 46;
	objects = {

/* Begin PBXBuildFile section */
		3836A7871E3EDB400098CE9A /* main.swift in Sources */ = {isa = PBXBuildFile; fileRef = 3836A7861E3EDB400098CE9A /* main.swift */; };
		3846E4C71E3F93B900CBD01C /* main.swift in Sources */ = {isa = PBXBuildFile; fileRef = 3846E4C61E3F93B900CBD01C /* main.swift */; };
/* End PBXBuildFile section */

/* Begin PBXCopyFilesBuildPhase section */
		3836A7811E3EDB400098CE9A /* CopyFiles */ = {
			isa = PBXCopyFilesBuildPhase;
			buildActionMask = 2147483647;
			dstPath = /usr/share/man/man1/;
			dstSubfolderSpec = 0;
			files = (
			);
			runOnlyForDeploymentPostprocessing = 1;
		};
		3846E4C21E3F93B900CBD01C /* CopyFiles */ = {
			isa = PBXCopyFilesBuildPhase;
			buildActionMask = 2147483647;
			dstPath = /usr/share/man/man1/;
			dstSubfolderSpec = 0;
			files = (
			);
			runOnlyForDeploymentPostprocessing = 1;
		};
/* End PBXCopyFilesBuildPhase section */

/* Begin PBXFileReference section */
		3836A7831E3EDB400098CE9A /* ProjectTwo */ = {isa = PBXFileReference; explicitFileType = "compiled.mach-o.executable"; includeInIndex = 0; path = ProjectTwo; sourceTree = BUILT_PRODUCTS_DIR; };
		3836A7861E3EDB400098CE9A /* main.swift */ = {isa = PBXFileReference; lastKnownFileType = sourcecode.swift; path = main.swift; sourceTree = "<group>"; };
		3846E4C41E3F93B900CBD01C /* TargetB */ = {isa = PBXFileReference; explicitFileType = "compiled.mach-o.executable"; includeInIndex = 0; path = TargetB; sourceTree = BUILT_PRODUCTS_DIR; };
		3846E4C61E3F93B900CBD01C /* main.swift */ = {isa = PBXFileReference; lastKnownFileType = sourcecode.swift; path = main.swift; sourceTree = "<group>"; };
/* End PBXFileReference section */

/* Begin PBXFrameworksBuildPhase section */
		3836A7801E3EDB400098CE9A /* Frameworks */ = {
			isa = PBXFrameworksBuildPhase;
			buildActionMask = 2147483647;
			files = (
			);
			runOnlyForDeploymentPostprocessing = 0;
		};
		3846E4C11E3F93B900CBD01C /* Frameworks */ = {
			isa = PBXFrameworksBuildPhase;
			buildActionMask = 2147483647;
			files = (
			);
			runOnlyForDeploymentPostprocessing = 0;
		};
/* End PBXFrameworksBuildPhase section */

/* Begin PBXGroup section */
		3836A77A1E3EDB400098CE9A = {
			isa = PBXGroup;
			children = (
				3836A7851E3EDB400098CE9A /* ProjectTwo */,
				3846E4C51E3F93B900CBD01C /* TargetB */,
				3836A7841E3EDB400098CE9A /* Products */,
			);
			sourceTree = "<group>";
		};
		3836A7841E3EDB400098CE9A /* Products */ = {
			isa = PBXGroup;
			children = (
				3836A7831E3EDB400098CE9A /* ProjectTwo */,
				3846E4C41E3F93B900CBD01C /* TargetB */,
			);
			name = Products;
			sourceTree = "<group>";
		};
		3836A7851E3EDB400098CE9A /* ProjectTwo */ = {
			isa = PBXGroup;
			children = (
				3836A7861E3EDB400098CE9A /* main.swift */,
			);
			path = ProjectTwo;
			sourceTree = "<group>";
		};
		3846E4C51E3F93B900CBD01C /* TargetB */ = {
			isa = PBXGroup;
			children = (
				3846E4C61E3F93B900CBD01C /* main.swift */,
			);
			path = TargetB;
			sourceTree = "<group>";
		};
/* End PBXGroup section */

/* Begin PBXNativeTarget section */
		3836A7821E3EDB400098CE9A /* ProjectTwo */ = {
			isa = PBXNativeTarget;
			buildConfigurationList = 3836A78A1E3EDB400098CE9A /* Build configuration list for PBXNativeTarget "ProjectTwo" */;
			buildPhases = (
				3836A77F1E3EDB400098CE9A /* Sources */,
				3836A7801E3EDB400098CE9A /* Frameworks */,
				3836A7811E3EDB400098CE9A /* CopyFiles */,
			);
			buildRules = (
			);
			dependencies = (
			);
			name = ProjectTwo;
			productName = ProjectTwo;
			productReference = 3836A7831E3EDB400098CE9A /* ProjectTwo */;
			productType = "com.apple.product-type.tool";
		};
		3846E4C31E3F93B900CBD01C /* TargetB */ = {
			isa = PBXNativeTarget;
			buildConfigurationList = 3846E4C81E3F93B900CBD01C /* Build configuration list for PBXNativeTarget "TargetB" */;
			buildPhases = (
				3846E4C01E3F93B900CBD01C /* Sources */,
				3846E4C11E3F93B900CBD01C /* Frameworks */,
				3846E4C21E3F93B900CBD01C /* CopyFiles */,
			);
			buildRules = (
			);
			dependencies = (
			);
			name = TargetB;
			productName = TargetB;
			productReference = 3846E4C41E3F93B900CBD01C /* TargetB */;
			productType = "com.apple.product-type.tool";
		};
/* End PBXNativeTarget section */

/* Begin PBXProject section */
		3836A77B1E3EDB400098CE9A /* Project object */ = {
			isa = PBXProject;
			attributes = {
				LastSwiftUpdateCheck = 0820;
				LastUpgradeCheck = 0820;
				ORGANIZATIONNAME = "Joel Saltzman";
				TargetAttributes = {
					3836A7821E3EDB400098CE9A = {
						CreatedOnToolsVersion = 8.2.1;
						DevelopmentTeam = A43A74F4MB;
						ProvisioningStyle = Automatic;
					};
					3846E4C31E3F93B900CBD01C = {
						CreatedOnToolsVersion = 8.2.1;
						DevelopmentTeam = A43A74F4MB;
						ProvisioningStyle = Automatic;
					};
				};
			};
			buildConfigurationList = 3836A77E1E3EDB400098CE9A /* Build configuration list for PBXProject "ProjectTwo" */;
			compatibilityVersion = "Xcode 3.2";
			developmentRegion = English;
			hasScannedForEncodings = 0;
			knownRegions = (
				en,
			);
			mainGroup = 3836A77A1E3EDB400098CE9A;
			productRefGroup = 3836A7841E3EDB400098CE9A /* Products */;
			projectDirPath = "";
			projectRoot = "";
			targets = (
				3836A7821E3EDB400098CE9A /* ProjectTwo */,
				3846E4C31E3F93B900CBD01C /* TargetB */,
			);
		};
/* End PBXProject section */

/* Begin PBXSourcesBuildPhase section */
		3836A77F1E3EDB400098CE9A /* Sources */ = {
			isa = PBXSourcesBuildPhase;
			buildActionMask = 2147483647;
			files = (
				3836A7871E3EDB400098CE9A /* main.swift in Sources */,
			);
			runOnlyForDeploymentPostprocessing = 0;
		};
		3846E4C01E3F93B900CBD01C /* Sources */ = {
			isa = PBXSourcesBuildPhase;
			buildActionMask = 2147483647;
			files = (
				3846E4C71E3F93B900CBD01C /* main.swift in Sources */,
			);
			runOnlyForDeploymentPostprocessing = 0;
		};
/* End PBXSourcesBuildPhase section */

/* Begin XCBuildConfiguration section */
		3836A7881E3EDB400098CE9A /* Debug */ = {
			isa = XCBuildConfiguration;
			buildSettings = {
				ALWAYS_SEARCH_USER_PATHS = NO;
				CLANG_ANALYZER_NONNULL = YES;
				CLANG_CXX_LANGUAGE_STANDARD = "gnu++0x";
				CLANG_CXX_LIBRARY = "libc++";
				CLANG_ENABLE_MODULES = YES;
				CLANG_ENABLE_OBJC_ARC = YES;
				CLANG_WARN_BOOL_CONVERSION = YES;
				CLANG_WARN_CONSTANT_CONVERSION = YES;
				CLANG_WARN_DIRECT_OBJC_ISA_USAGE = YES_ERROR;
				CLANG_WARN_DOCUMENTATION_COMMENTS = YES;
				CLANG_WARN_EMPTY_BODY = YES;
				CLANG_WARN_ENUM_CONVERSION = YES;
				CLANG_WARN_INFINITE_RECURSION = YES;
				CLANG_WARN_INT_CONVERSION = YES;
				CLANG_WARN_OBJC_ROOT_CLASS = YES_ERROR;
				CLANG_WARN_SUSPICIOUS_MOVE = YES;
				CLANG_WARN_UNREACHABLE_CODE = YES;
				CLANG_WARN__DUPLICATE_METHOD_MATCH = YES;
				CODE_SIGN_IDENTITY = "-";
				COPY_PHASE_STRIP = NO;
				DEBUG_INFORMATION_FORMAT = dwarf;
				ENABLE_STRICT_OBJC_MSGSEND = YES;
				ENABLE_TESTABILITY = YES;
				GCC_C_LANGUAGE_STANDARD = gnu99;
				GCC_DYNAMIC_NO_PIC = NO;
				GCC_NO_COMMON_BLOCKS = YES;
				GCC_OPTIMIZATION_LEVEL = 0;
				GCC_PREPROCESSOR_DEFINITIONS = (
					"DEBUG=1",
					"$(inherited)",
				);
				GCC_WARN_64_TO_32_BIT_CONVERSION = YES;
				GCC_WARN_ABOUT_RETURN_TYPE = YES_ERROR;
				GCC_WARN_UNDECLARED_SELECTOR = YES;
				GCC_WARN_UNINITIALIZED_AUTOS = YES_AGGRESSIVE;
				GCC_WARN_UNUSED_FUNCTION = YES;
				GCC_WARN_UNUSED_VARIABLE = YES;
				MACOSX_DEPLOYMENT_TARGET = 10.12;
				MTL_ENABLE_DEBUG_INFO = YES;
				ONLY_ACTIVE_ARCH = YES;
				SDKROOT = macosx;
				SWIFT_OPTIMIZATION_LEVEL = "-Onone";
			};
			name = Debug;
		};
		3836A7891E3EDB400098CE9A /* Release */ = {
			isa = XCBuildConfiguration;
			buildSettings = {
				ALWAYS_SEARCH_USER_PATHS = NO;
				CLANG_ANALYZER_NONNULL = YES;
				CLANG_CXX_LANGUAGE_STANDARD = "gnu++0x";
				CLANG_CXX_LIBRARY = "libc++";
				CLANG_ENABLE_MODULES = YES;
				CLANG_ENABLE_OBJC_ARC = YES;
				CLANG_WARN_BOOL_CONVERSION = YES;
				CLANG_WARN_CONSTANT_CONVERSION = YES;
				CLANG_WARN_DIRECT_OBJC_ISA_USAGE = YES_ERROR;
				CLANG_WARN_DOCUMENTATION_COMMENTS = YES;
				CLANG_WARN_EMPTY_BODY = YES;
				CLANG_WARN_ENUM_CONVERSION = YES;
				CLANG_WARN_INFINITE_RECURSION = YES;
				CLANG_WARN_INT_CONVERSION = YES;
				CLANG_WARN_OBJC_ROOT_CLASS = YES_ERROR;
				CLANG_WARN_SUSPICIOUS_MOVE = YES;
				CLANG_WARN_UNREACHABLE_CODE = YES;
				CLANG_WARN__DUPLICATE_METHOD_MATCH = YES;
				CODE_SIGN_IDENTITY = "-";
				COPY_PHASE_STRIP = NO;
				DEBUG_INFORMATION_FORMAT = "dwarf-with-dsym";
				ENABLE_NS_ASSERTIONS = NO;
				ENABLE_STRICT_OBJC_MSGSEND = YES;
				GCC_C_LANGUAGE_STANDARD = gnu99;
				GCC_NO_COMMON_BLOCKS = YES;
				GCC_WARN_64_TO_32_BIT_CONVERSION = YES;
				GCC_WARN_ABOUT_RETURN_TYPE = YES_ERROR;
				GCC_WARN_UNDECLARED_SELECTOR = YES;
				GCC_WARN_UNINITIALIZED_AUTOS = YES_AGGRESSIVE;
				GCC_WARN_UNUSED_FUNCTION = YES;
				GCC_WARN_UNUSED_VARIABLE = YES;
				MACOSX_DEPLOYMENT_TARGET = 10.12;
				MTL_ENABLE_DEBUG_INFO = NO;
				SDKROOT = macosx;
			};
			name = Release;
		};
		3836A78B1E3EDB400098CE9A /* Debug */ = {
			isa = XCBuildConfiguration;
			buildSettings = {
				DEVELOPMENT_TEAM = A43A74F4MB;
				PRODUCT_NAME = "$(TARGET_NAME)";
				SWIFT_VERSION = 3.0;
			};
			name = Debug;
		};
		3836A78C1E3EDB400098CE9A /* Release */ = {
			isa = XCBuildConfiguration;
			buildSettings = {
				DEVELOPMENT_TEAM = A43A74F4MB;
				PRODUCT_NAME = "$(TARGET_NAME)";
				SWIFT_VERSION = 3.0;
			};
			name = Release;
		};
		3846E4C91E3F93B900CBD01C /* Debug */ = {
			isa = XCBuildConfiguration;
			buildSettings = {
				DEVELOPMENT_TEAM = A43A74F4MB;
				PRODUCT_NAME = "$(TARGET_NAME)";
				SWIFT_VERSION = 3.0;
			};
			name = Debug;
		};
		3846E4CA1E3F93B900CBD01C /* Release */ = {
			isa = XCBuildConfiguration;
			buildSettings = {
				DEVELOPMENT_TEAM = A43A74F4MB;
				PRODUCT_NAME = "$(TARGET_NAME)";
				SWIFT_VERSION = 3.0;
			};
			name = Release;
		};
/* End XCBuildConfiguration section */

/* Begin XCConfigurationList section */
		3836A77E1E3EDB400098CE9A /* Build configuration list for PBXProject "ProjectTwo" */ = {
			isa = XCConfigurationList;
			buildConfigurations = (
				3836A7881E3EDB400098CE9A /* Debug */,
				3836A7891E3EDB400098CE9A /* Release */,
			);
			defaultConfigurationIsVisible = 0;
			defaultConfigurationName = Release;
		};
		3836A78A1E3EDB400098CE9A /* Build configuration list for PBXNativeTarget "ProjectTwo" */ = {
			isa = XCConfigurationList;
			buildConfigurations = (
				3836A78B1E3EDB400098CE9A /* Debug */,
				3836A78C1E3EDB400098CE9A /* Release */,
			);
			defaultConfigurationIsVisible = 0;
			defaultConfigurationName = Release;
		};
		3846E4C81E3F93B900CBD01C /* Build configuration list for PBXNativeTarget "TargetB" */ = {
			isa = XCConfigurationList;
			buildConfigurations = (
				3846E4C91E3F93B900CBD01C /* Debug */,
				3846E4CA1E3F93B900CBD01C /* Release */,
			);
			defaultConfigurationIsVisible = 0;
		};
/* End XCConfigurationList section */
	};
	rootObject = 3836A77B1E3EDB400098CE9A /* Project object */;
}
